
Microsoft Visual Studio Solution File, Format Version 12.00
# Visual Studio 15
VisualStudioVersion = 15.0.28010.2048
MinimumVisualStudioVersion = 10.0.40219.1
Project("{FAE04EC0-301F-11D3-BF4B-00C04F79EFBC}") = "PeppyWeb", "PeppyWeb\PeppyWeb.csproj", "{0076981F-5C78-4082-9332-3DC735B22163}"
EndProject
Global
	GlobalSection(SolutionConfigurationPlatforms) = preSolution
		Debug|Any CPU = Debug|Any CPU
		Release|Any CPU = Release|Any CPU
	EndGlobalSection
	GlobalSection(ProjectConfigurationPlatforms) = postSolution
		{0076981F-5C78-4082-9332-3DC735B22163}.Debug|Any CPU.ActiveCfg = Debug|Any CPU
		{0076981F-5C78-4082-9332-3DC735B22163}.Debug|Any CPU.Build.0 = Debug|Any CPU
		{0076981F-5C78-4082-9332-3DC735B22163}.Release|Any CPU.ActiveCfg = Release|Any CPU
		{0076981F-5C78-4082-9332-3DC735B22163}.Release|Any CPU.Build.0 = Release|Any CPU
	EndGlobalSection
	GlobalSection(SolutionProperties) = preSolution
		HideSolutionNode = FALSE
	EndGlobalSection
	GlobalSection(ExtensibilityGlobals) = postSolution
		SolutionGuid = {A497721F-5D69-4C6E-B153-2CB0EB4D2837}
	EndGlobalSection
EndGlobal
